
Microsoft Visual Studio Solution File, Format Version 12.00
# Visual Studio 15
VisualStudioVersion = 15.0.28307.136
MinimumVisualStudioVersion = 10.0.40219.1
Project("{8BC9CEB8-8B4A-11D0-8D11-00A0C91BC942}") = "Opencvlearn", "Opencvlearn\Opencvlearn.vcxproj", "{00181320-0208-4424-8D1C-3B1EA181AEC8}"
EndProject
Global
	GlobalSection(SolutionConfigurationPlatforms) = preSolution
		Debug|x64 = Debug|x64
		Debug|x86 = Debug|x86
		Release|x64 = Release|x64
		Release|x86 = Release|x86
	EndGlobalSection
	GlobalSection(ProjectConfigurationPlatforms) = postSolution
		{00181320-0208-4424-8D1C-3B1EA181AEC8}.Debug|x64.ActiveCfg = Debug|x64
		{00181320-0208-4424-8D1C-3B1EA181AEC8}.Debug|x64.Build.0 = Debug|x64
		{00181320-0208-4424-8D1C-3B1EA181AEC8}.Debug|x86.ActiveCfg = Debug|Win32
		{00181320-0208-4424-8D1C-3B1EA181AEC8}.Debug|x86.Build.0 = Debug|Win32
		{00181320-0208-4424-8D1C-3B1EA181AEC8}.Release|x64.ActiveCfg = Release|x64
		{00181320-0208-4424-8D1C-3B1EA181AEC8}.Release|x64.Build.0 = Release|x64
		{00181320-0208-4424-8D1C-3B1EA181AEC8}.Release|x86.ActiveCfg = Release|Win32
		{00181320-0208-4424-8D1C-3B1EA181AEC8}.Release|x86.Build.0 = Release|Win32
	EndGlobalSection
	GlobalSection(SolutionProperties) = preSolution
		HideSolutionNode = FALSE
	EndGlobalSection
	GlobalSection(ExtensibilityGlobals) = postSolution
		SolutionGuid = {39F0B016-1D2F-4B3E-B3D7-DDC59789C029}
	EndGlobalSection
EndGlobal
